<Solution>
  <Folder Name="/infra/" />
  <Folder Name="/services/">
    <Project Path="services/Api/Api.csproj" />
    <Project Path="services/Media/Media.csproj" />
  </Folder>
  <Folder Name="/workers/" />
  <Project Path="services/Api.Tests/Api.Tests.csproj" Id="c16e227b-3f87-4248-bdb2-091b9d47f7e0" />
  <Project Path="services/Media.Tests/Media.Tests.csproj" />
</Solution>
